// !$*UTF8*$!
{
	archiveVersion = 1;
	classes = {
	};
	objectVersion = 55;
	objects = {

/* Begin PBXBuildFile section */
		4DAB34E027871E9500EA8353 /* MenuHeader.swift in Sources */ = {isa = PBXBuildFile; fileRef = 4DAB34DF27871E9500EA8353 /* MenuHeader.swift */; };
		4DAB34E427871F0C00EA8353 /* CityButton.swift in Sources */ = {isa = PBXBuildFile; fileRef = 4DAB34E327871F0C00EA8353 /* CityButton.swift */; };
		4DAB34E6278728A700EA8353 /* SimpleButton.swift in Sources */ = {isa = PBXBuildFile; fileRef = 4DAB34E5278728A700EA8353 /* SimpleButton.swift */; };
		4DAB34E8278729F700EA8353 /* NewsCollectionViewCell.swift in Sources */ = {isa = PBXBuildFile; fileRef = 4DAB34E7278729F700EA8353 /* NewsCollectionViewCell.swift */; };
		4DAB34F32787613E00EA8353 /* MenuCollectionView.swift in Sources */ = {isa = PBXBuildFile; fileRef = 4DAB34F22787613E00EA8353 /* MenuCollectionView.swift */; };
		4DAB34F52787634600EA8353 /* MainNewsCollectionViewCell.swift in Sources */ = {isa = PBXBuildFile; fileRef = 4DAB34F42787634600EA8353 /* MainNewsCollectionViewCell.swift */; };
		4DAB34F7278763D700EA8353 /* MenuCell.swift in Sources */ = {isa = PBXBuildFile; fileRef = 4DAB34F6278763D700EA8353 /* MenuCell.swift */; };
		4DAB34F92787674900EA8353 /* SectionsCollectioonViewHeader.swift in Sources */ = {isa = PBXBuildFile; fileRef = 4DAB34F82787674900EA8353 /* SectionsCollectioonViewHeader.swift */; };
		4DAB34FB27876C8000EA8353 /* SectionsCollectionView.swift in Sources */ = {isa = PBXBuildFile; fileRef = 4DAB34FA27876C8000EA8353 /* SectionsCollectionView.swift */; };
		4DAB34FD278778AE00EA8353 /* SectionCollectionViewCell.swift in Sources */ = {isa = PBXBuildFile; fileRef = 4DAB34FC278778AE00EA8353 /* SectionCollectionViewCell.swift */; };
		4DAB34FF27877A6C00EA8353 /* CACornerMask.swift in Sources */ = {isa = PBXBuildFile; fileRef = 4DAB34FE27877A6C00EA8353 /* CACornerMask.swift */; };
		4DAB3501278795F300EA8353 /* MenuModel.swift in Sources */ = {isa = PBXBuildFile; fileRef = 4DAB3500278795F300EA8353 /* MenuModel.swift */; };
		4DAB35032787B03800EA8353 /* String + Extension.swift in Sources */ = {isa = PBXBuildFile; fileRef = 4DAB35022787B03800EA8353 /* String + Extension.swift */; };
		4DAB35062787B57600EA8353 /* NetworkService.swift in Sources */ = {isa = PBXBuildFile; fileRef = 4DAB35052787B57600EA8353 /* NetworkService.swift */; };
		4DE1614E2786F6FC00ACEFE8 /* AppDelegate.swift in Sources */ = {isa = PBXBuildFile; fileRef = 4DE1614D2786F6FC00ACEFE8 /* AppDelegate.swift */; };
		4DE161572786F6FE00ACEFE8 /* Assets.xcassets in Resources */ = {isa = PBXBuildFile; fileRef = 4DE161562786F6FE00ACEFE8 /* Assets.xcassets */; };
		4DE1615A2786F6FE00ACEFE8 /* LaunchScreen.storyboard in Resources */ = {isa = PBXBuildFile; fileRef = 4DE161582786F6FE00ACEFE8 /* LaunchScreen.storyboard */; };
		4DE161622786F7A300ACEFE8 /* MenuViewController.swift in Sources */ = {isa = PBXBuildFile; fileRef = 4DE161612786F7A300ACEFE8 /* MenuViewController.swift */; };
		4DE161692786F8A600ACEFE8 /* MenuPresenter.swift in Sources */ = {isa = PBXBuildFile; fileRef = 4DE161682786F8A600ACEFE8 /* MenuPresenter.swift */; };
		4DE1616B2786F8BB00ACEFE8 /* MenuContainer.swift in Sources */ = {isa = PBXBuildFile; fileRef = 4DE1616A2786F8BB00ACEFE8 /* MenuContainer.swift */; };
		4DE1616E2786FA4900ACEFE8 /* AppCoordinator.swift in Sources */ = {isa = PBXBuildFile; fileRef = 4DE1616D2786FA4900ACEFE8 /* AppCoordinator.swift */; };
		4DE161722786FC5100ACEFE8 /* NewsCollectionView.swift in Sources */ = {isa = PBXBuildFile; fileRef = 4DE161712786FC5100ACEFE8 /* NewsCollectionView.swift */; };
		4DE161742786FC9F00ACEFE8 /* ReuseIdentifiable.swift in Sources */ = {isa = PBXBuildFile; fileRef = 4DE161732786FC9F00ACEFE8 /* ReuseIdentifiable.swift */; };
		4DE161762786FCC600ACEFE8 /* UIView + extension.swift in Sources */ = {isa = PBXBuildFile; fileRef = 4DE161752786FCC600ACEFE8 /* UIView + extension.swift */; };
		4DE161782786FCDB00ACEFE8 /* AppColors.swift in Sources */ = {isa = PBXBuildFile; fileRef = 4DE161772786FCDB00ACEFE8 /* AppColors.swift */; };
		4DE1617A2786FCF000ACEFE8 /* Localization.swift in Sources */ = {isa = PBXBuildFile; fileRef = 4DE161792786FCF000ACEFE8 /* Localization.swift */; };
		4DE1617C2786FD0600ACEFE8 /* Others.swift in Sources */ = {isa = PBXBuildFile; fileRef = 4DE1617B2786FD0600ACEFE8 /* Others.swift */; };
/* End PBXBuildFile section */

/* Begin PBXFileReference section */
		4DAB34DF27871E9500EA8353 /* MenuHeader.swift */ = {isa = PBXFileReference; lastKnownFileType = sourcecode.swift; path = MenuHeader.swift; sourceTree = "<group>"; };
		4DAB34E327871F0C00EA8353 /* CityButton.swift */ = {isa = PBXFileReference; lastKnownFileType = sourcecode.swift; path = CityButton.swift; sourceTree = "<group>"; };
		4DAB34E5278728A700EA8353 /* SimpleButton.swift */ = {isa = PBXFileReference; lastKnownFileType = sourcecode.swift; path = SimpleButton.swift; sourceTree = "<group>"; };
		4DAB34E7278729F700EA8353 /* NewsCollectionViewCell.swift */ = {isa = PBXFileReference; lastKnownFileType = sourcecode.swift; path = NewsCollectionViewCell.swift; sourceTree = "<group>"; };
		4DAB34F22787613E00EA8353 /* MenuCollectionView.swift */ = {isa = PBXFileReference; lastKnownFileType = sourcecode.swift; path = MenuCollectionView.swift; sourceTree = "<group>"; };
		4DAB34F42787634600EA8353 /* MainNewsCollectionViewCell.swift */ = {isa = PBXFileReference; lastKnownFileType = sourcecode.swift; path = MainNewsCollectionViewCell.swift; sourceTree = "<group>"; };
		4DAB34F6278763D700EA8353 /* MenuCell.swift */ = {isa = PBXFileReference; lastKnownFileType = sourcecode.swift; path = MenuCell.swift; sourceTree = "<group>"; };
		4DAB34F82787674900EA8353 /* SectionsCollectioonViewHeader.swift */ = {isa = PBXFileReference; lastKnownFileType = sourcecode.swift; path = SectionsCollectioonViewHeader.swift; sourceTree = "<group>"; };
		4DAB34FA27876C8000EA8353 /* SectionsCollectionView.swift */ = {isa = PBXFileReference; lastKnownFileType = sourcecode.swift; path = SectionsCollectionView.swift; sourceTree = "<group>"; };
		4DAB34FC278778AE00EA8353 /* SectionCollectionViewCell.swift */ = {isa = PBXFileReference; lastKnownFileType = sourcecode.swift; path = SectionCollectionViewCell.swift; sourceTree = "<group>"; };
		4DAB34FE27877A6C00EA8353 /* CACornerMask.swift */ = {isa = PBXFileReference; lastKnownFileType = sourcecode.swift; path = CACornerMask.swift; sourceTree = "<group>"; };
		4DAB3500278795F300EA8353 /* MenuModel.swift */ = {isa = PBXFileReference; lastKnownFileType = sourcecode.swift; path = MenuModel.swift; sourceTree = "<group>"; };
		4DAB35022787B03800EA8353 /* String + Extension.swift */ = {isa = PBXFileReference; lastKnownFileType = sourcecode.swift; path = "String + Extension.swift"; sourceTree = "<group>"; };
		4DAB35052787B57600EA8353 /* NetworkService.swift */ = {isa = PBXFileReference; lastKnownFileType = sourcecode.swift; path = NetworkService.swift; sourceTree = "<group>"; };
		4DE1614A2786F6FC00ACEFE8 /* HammerTestWork.app */ = {isa = PBXFileReference; explicitFileType = wrapper.application; includeInIndex = 0; path = HammerTestWork.app; sourceTree = BUILT_PRODUCTS_DIR; };
		4DE1614D2786F6FC00ACEFE8 /* AppDelegate.swift */ = {isa = PBXFileReference; lastKnownFileType = sourcecode.swift; path = AppDelegate.swift; sourceTree = "<group>"; };
		4DE161562786F6FE00ACEFE8 /* Assets.xcassets */ = {isa = PBXFileReference; lastKnownFileType = folder.assetcatalog; path = Assets.xcassets; sourceTree = "<group>"; };
		4DE161592786F6FE00ACEFE8 /* Base */ = {isa = PBXFileReference; lastKnownFileType = file.storyboard; name = Base; path = Base.lproj/LaunchScreen.storyboard; sourceTree = "<group>"; };
		4DE1615B2786F6FE00ACEFE8 /* Info.plist */ = {isa = PBXFileReference; lastKnownFileType = text.plist.xml; path = Info.plist; sourceTree = "<group>"; };
		4DE161612786F7A300ACEFE8 /* MenuViewController.swift */ = {isa = PBXFileReference; lastKnownFileType = sourcecode.swift; path = MenuViewController.swift; sourceTree = "<group>"; };
		4DE161682786F8A600ACEFE8 /* MenuPresenter.swift */ = {isa = PBXFileReference; lastKnownFileType = sourcecode.swift; path = MenuPresenter.swift; sourceTree = "<group>"; };
		4DE1616A2786F8BB00ACEFE8 /* MenuContainer.swift */ = {isa = PBXFileReference; lastKnownFileType = sourcecode.swift; path = MenuContainer.swift; sourceTree = "<group>"; };
		4DE1616D2786FA4900ACEFE8 /* AppCoordinator.swift */ = {isa = PBXFileReference; lastKnownFileType = sourcecode.swift; path = AppCoordinator.swift; sourceTree = "<group>"; };
		4DE161712786FC5100ACEFE8 /* NewsCollectionView.swift */ = {isa = PBXFileReference; lastKnownFileType = sourcecode.swift; path = NewsCollectionView.swift; sourceTree = "<group>"; };
		4DE161732786FC9F00ACEFE8 /* ReuseIdentifiable.swift */ = {isa = PBXFileReference; lastKnownFileType = sourcecode.swift; path = ReuseIdentifiable.swift; sourceTree = "<group>"; };
		4DE161752786FCC600ACEFE8 /* UIView + extension.swift */ = {isa = PBXFileReference; lastKnownFileType = sourcecode.swift; path = "UIView + extension.swift"; sourceTree = "<group>"; };
		4DE161772786FCDB00ACEFE8 /* AppColors.swift */ = {isa = PBXFileReference; lastKnownFileType = sourcecode.swift; path = AppColors.swift; sourceTree = "<group>"; };
		4DE161792786FCF000ACEFE8 /* Localization.swift */ = {isa = PBXFileReference; lastKnownFileType = sourcecode.swift; path = Localization.swift; sourceTree = "<group>"; };
		4DE1617B2786FD0600ACEFE8 /* Others.swift */ = {isa = PBXFileReference; lastKnownFileType = sourcecode.swift; path = Others.swift; sourceTree = "<group>"; };
/* End PBXFileReference section */

/* Begin PBXFrameworksBuildPhase section */
		4DE161472786F6FC00ACEFE8 /* Frameworks */ = {
			isa = PBXFrameworksBuildPhase;
			buildActionMask = 2147483647;
			files = (
			);
			runOnlyForDeploymentPostprocessing = 0;
		};
/* End PBXFrameworksBuildPhase section */

/* Begin PBXGroup section */
		4DAB34E127871EC300EA8353 /* Header */ = {
			isa = PBXGroup;
			children = (
				4DAB34DF27871E9500EA8353 /* MenuHeader.swift */,
				4DAB34E327871F0C00EA8353 /* CityButton.swift */,
			);
			path = Header;
			sourceTree = "<group>";
		};
		4DAB34E227871EC800EA8353 /* TableView */ = {
			isa = PBXGroup;
			children = (
				4DAB34F22787613E00EA8353 /* MenuCollectionView.swift */,
				4DAB34EC2787365A00EA8353 /* MainCell */,
				4DAB34EF27875D9400EA8353 /* SectionsHeader */,
				4DAB34E927872C4800EA8353 /* NewsCell */,
			);
			path = TableView;
			sourceTree = "<group>";
		};
		4DAB34E927872C4800EA8353 /* NewsCell */ = {
			isa = PBXGroup;
			children = (
				4DAB34F42787634600EA8353 /* MainNewsCollectionViewCell.swift */,
				4DE161712786FC5100ACEFE8 /* NewsCollectionView.swift */,
				4DAB34E7278729F700EA8353 /* NewsCollectionViewCell.swift */,
			);
			path = NewsCell;
			sourceTree = "<group>";
		};
		4DAB34EC2787365A00EA8353 /* MainCell */ = {
			isa = PBXGroup;
			children = (
				4DAB34F6278763D700EA8353 /* MenuCell.swift */,
			);
			path = MainCell;
			sourceTree = "<group>";
		};
		4DAB34EF27875D9400EA8353 /* SectionsHeader */ = {
			isa = PBXGroup;
			children = (
				4DAB34F82787674900EA8353 /* SectionsCollectioonViewHeader.swift */,
				4DAB34FA27876C8000EA8353 /* SectionsCollectionView.swift */,
				4DAB34FC278778AE00EA8353 /* SectionCollectionViewCell.swift */,
			);
			path = SectionsHeader;
			sourceTree = "<group>";
		};
		4DAB35042787B56200EA8353 /* Services */ = {
			isa = PBXGroup;
			children = (
				4DAB35052787B57600EA8353 /* NetworkService.swift */,
			);
			path = Services;
			sourceTree = "<group>";
		};
		4DE161412786F6FC00ACEFE8 = {
			isa = PBXGroup;
			children = (
				4DE1614C2786F6FC00ACEFE8 /* HammerTestWork */,
				4DE1614B2786F6FC00ACEFE8 /* Products */,
			);
			sourceTree = "<group>";
		};
		4DE1614B2786F6FC00ACEFE8 /* Products */ = {
			isa = PBXGroup;
			children = (
				4DE1614A2786F6FC00ACEFE8 /* HammerTestWork.app */,
			);
			name = Products;
			sourceTree = "<group>";
		};
		4DE1614C2786F6FC00ACEFE8 /* HammerTestWork */ = {
			isa = PBXGroup;
			children = (
				4DE1614D2786F6FC00ACEFE8 /* AppDelegate.swift */,
				4DE1616C2786FA3400ACEFE8 /* Coordinator */,
				4DE161652786F87A00ACEFE8 /* MenuModule */,
				4DAB35042787B56200EA8353 /* Services */,
				4DE161702786FB4200ACEFE8 /* Extensions */,
				4DE1616F2786FB3A00ACEFE8 /* Helpers */,
				4DE161562786F6FE00ACEFE8 /* Assets.xcassets */,
				4DE161582786F6FE00ACEFE8 /* LaunchScreen.storyboard */,
				4DE1615B2786F6FE00ACEFE8 /* Info.plist */,
			);
			path = HammerTestWork;
			sourceTree = "<group>";
		};
		4DE161652786F87A00ACEFE8 /* MenuModule */ = {
			isa = PBXGroup;
			children = (
				4DE1616A2786F8BB00ACEFE8 /* MenuContainer.swift */,
				4DE161682786F8A600ACEFE8 /* MenuPresenter.swift */,
				4DE161612786F7A300ACEFE8 /* MenuViewController.swift */,
				4DAB3500278795F300EA8353 /* MenuModel.swift */,
				4DE161672786F89200ACEFE8 /* Views */,
			);
			path = MenuModule;
			sourceTree = "<group>";
		};
		4DE161672786F89200ACEFE8 /* Views */ = {
			isa = PBXGroup;
			children = (
				4DAB34E127871EC300EA8353 /* Header */,
				4DAB34E227871EC800EA8353 /* TableView */,
			);
			path = Views;
			sourceTree = "<group>";
		};
		4DE1616C2786FA3400ACEFE8 /* Coordinator */ = {
			isa = PBXGroup;
			children = (
				4DE1616D2786FA4900ACEFE8 /* AppCoordinator.swift */,
			);
			path = Coordinator;
			sourceTree = "<group>";
		};
		4DE1616F2786FB3A00ACEFE8 /* Helpers */ = {
			isa = PBXGroup;
			children = (
				4DE161772786FCDB00ACEFE8 /* AppColors.swift */,
				4DE161792786FCF000ACEFE8 /* Localization.swift */,
				4DE1617B2786FD0600ACEFE8 /* Others.swift */,
			);
			path = Helpers;
			sourceTree = "<group>";
		};
		4DE161702786FB4200ACEFE8 /* Extensions */ = {
			isa = PBXGroup;
			children = (
				4DE161732786FC9F00ACEFE8 /* ReuseIdentifiable.swift */,
				4DE161752786FCC600ACEFE8 /* UIView + extension.swift */,
				4DAB34FE27877A6C00EA8353 /* CACornerMask.swift */,
				4DAB34E5278728A700EA8353 /* SimpleButton.swift */,
				4DAB35022787B03800EA8353 /* String + Extension.swift */,
			);
			path = Extensions;
			sourceTree = "<group>";
		};
/* End PBXGroup section */

/* Begin PBXNativeTarget section */
		4DE161492786F6FC00ACEFE8 /* HammerTestWork */ = {
			isa = PBXNativeTarget;
			buildConfigurationList = 4DE1615E2786F6FE00ACEFE8 /* Build configuration list for PBXNativeTarget "HammerTestWork" */;
			buildPhases = (
				4DE161462786F6FC00ACEFE8 /* Sources */,
				4DE161472786F6FC00ACEFE8 /* Frameworks */,
				4DE161482786F6FC00ACEFE8 /* Resources */,
			);
			buildRules = (
			);
			dependencies = (
			);
			name = HammerTestWork;
			productName = HammerTestWork;
			productReference = 4DE1614A2786F6FC00ACEFE8 /* HammerTestWork.app */;
			productType = "com.apple.product-type.application";
		};
/* End PBXNativeTarget section */

/* Begin PBXProject section */
		4DE161422786F6FC00ACEFE8 /* Project object */ = {
			isa = PBXProject;
			attributes = {
				BuildIndependentTargetsInParallel = 1;
				LastSwiftUpdateCheck = 1320;
				LastUpgradeCheck = 1320;
				TargetAttributes = {
					4DE161492786F6FC00ACEFE8 = {
						CreatedOnToolsVersion = 13.2.1;
					};
				};
			};
			buildConfigurationList = 4DE161452786F6FC00ACEFE8 /* Build configuration list for PBXProject "HammerTestWork" */;
			compatibilityVersion = "Xcode 13.0";
			developmentRegion = en;
			hasScannedForEncodings = 0;
			knownRegions = (
				en,
				Base,
			);
			mainGroup = 4DE161412786F6FC00ACEFE8;
			productRefGroup = 4DE1614B2786F6FC00ACEFE8 /* Products */;
			projectDirPath = "";
			projectRoot = "";
			targets = (
				4DE161492786F6FC00ACEFE8 /* HammerTestWork */,
			);
		};
/* End PBXProject section */

/* Begin PBXResourcesBuildPhase section */
		4DE161482786F6FC00ACEFE8 /* Resources */ = {
			isa = PBXResourcesBuildPhase;
			buildActionMask = 2147483647;
			files = (
				4DE1615A2786F6FE00ACEFE8 /* LaunchScreen.storyboard in Resources */,
				4DE161572786F6FE00ACEFE8 /* Assets.xcassets in Resources */,
			);
			runOnlyForDeploymentPostprocessing = 0;
		};
/* End PBXResourcesBuildPhase section */

/* Begin PBXSourcesBuildPhase section */
		4DE161462786F6FC00ACEFE8 /* Sources */ = {
			isa = PBXSourcesBuildPhase;
			buildActionMask = 2147483647;
			files = (
				4DAB34E427871F0C00EA8353 /* CityButton.swift in Sources */,
				4DAB34FD278778AE00EA8353 /* SectionCollectionViewCell.swift in Sources */,
				4DAB35032787B03800EA8353 /* String + Extension.swift in Sources */,
				4DE1616E2786FA4900ACEFE8 /* AppCoordinator.swift in Sources */,
				4DE1617A2786FCF000ACEFE8 /* Localization.swift in Sources */,
				4DAB35062787B57600EA8353 /* NetworkService.swift in Sources */,
				4DE1616B2786F8BB00ACEFE8 /* MenuContainer.swift in Sources */,
				4DE161762786FCC600ACEFE8 /* UIView + extension.swift in Sources */,
				4DAB34FB27876C8000EA8353 /* SectionsCollectionView.swift in Sources */,
				4DE161782786FCDB00ACEFE8 /* AppColors.swift in Sources */,
				4DAB34E027871E9500EA8353 /* MenuHeader.swift in Sources */,
				4DAB3501278795F300EA8353 /* MenuModel.swift in Sources */,
				4DE1614E2786F6FC00ACEFE8 /* AppDelegate.swift in Sources */,
				4DE161622786F7A300ACEFE8 /* MenuViewController.swift in Sources */,
				4DE1617C2786FD0600ACEFE8 /* Others.swift in Sources */,
				4DAB34F52787634600EA8353 /* MainNewsCollectionViewCell.swift in Sources */,
				4DAB34E8278729F700EA8353 /* NewsCollectionViewCell.swift in Sources */,
				4DE161722786FC5100ACEFE8 /* NewsCollectionView.swift in Sources */,
				4DAB34F7278763D700EA8353 /* MenuCell.swift in Sources */,
				4DAB34F92787674900EA8353 /* SectionsCollectioonViewHeader.swift in Sources */,
				4DAB34F32787613E00EA8353 /* MenuCollectionView.swift in Sources */,
				4DAB34FF27877A6C00EA8353 /* CACornerMask.swift in Sources */,
				4DE161742786FC9F00ACEFE8 /* ReuseIdentifiable.swift in Sources */,
				4DE161692786F8A600ACEFE8 /* MenuPresenter.swift in Sources */,
				4DAB34E6278728A700EA8353 /* SimpleButton.swift in Sources */,
			);
			runOnlyForDeploymentPostprocessing = 0;
		};
/* End PBXSourcesBuildPhase section */

/* Begin PBXVariantGroup section */
		4DE161582786F6FE00ACEFE8 /* LaunchScreen.storyboard */ = {
			isa = PBXVariantGroup;
			children = (
				4DE161592786F6FE00ACEFE8 /* Base */,
			);
			name = LaunchScreen.storyboard;
			sourceTree = "<group>";
		};
/* End PBXVariantGroup section */

/* Begin XCBuildConfiguration section */
		4DE1615C2786F6FE00ACEFE8 /* Debug */ = {
			isa = XCBuildConfiguration;
			buildSettings = {
				ALWAYS_SEARCH_USER_PATHS = NO;
				CLANG_ANALYZER_NONNULL = YES;
				CLANG_ANALYZER_NUMBER_OBJECT_CONVERSION = YES_AGGRESSIVE;
				CLANG_CXX_LANGUAGE_STANDARD = "gnu++17";
				CLANG_CXX_LIBRARY = "libc++";
				CLANG_ENABLE_MODULES = YES;
				CLANG_ENABLE_OBJC_ARC = YES;
				CLANG_ENABLE_OBJC_WEAK = YES;
				CLANG_WARN_BLOCK_CAPTURE_AUTORELEASING = YES;
				CLANG_WARN_BOOL_CONVERSION = YES;
				CLANG_WARN_COMMA = YES;
				CLANG_WARN_CONSTANT_CONVERSION = YES;
				CLANG_WARN_DEPRECATED_OBJC_IMPLEMENTATIONS = YES;
				CLANG_WARN_DIRECT_OBJC_ISA_USAGE = YES_ERROR;
				CLANG_WARN_DOCUMENTATION_COMMENTS = YES;
				CLANG_WARN_EMPTY_BODY = YES;
				CLANG_WARN_ENUM_CONVERSION = YES;
				CLANG_WARN_INFINITE_RECURSION = YES;
				CLANG_WARN_INT_CONVERSION = YES;
				CLANG_WARN_NON_LITERAL_NULL_CONVERSION = YES;
				CLANG_WARN_OBJC_IMPLICIT_RETAIN_SELF = YES;
				CLANG_WARN_OBJC_LITERAL_CONVERSION = YES;
				CLANG_WARN_OBJC_ROOT_CLASS = YES_ERROR;
				CLANG_WARN_QUOTED_INCLUDE_IN_FRAMEWORK_HEADER = YES;
				CLANG_WARN_RANGE_LOOP_ANALYSIS = YES;
				CLANG_WARN_STRICT_PROTOTYPES = YES;
				CLANG_WARN_SUSPICIOUS_MOVE = YES;
				CLANG_WARN_UNGUARDED_AVAILABILITY = YES_AGGRESSIVE;
				CLANG_WARN_UNREACHABLE_CODE = YES;
				CLANG_WARN__DUPLICATE_METHOD_MATCH = YES;
				COPY_PHASE_STRIP = NO;
				DEBUG_INFORMATION_FORMAT = dwarf;
				ENABLE_STRICT_OBJC_MSGSEND = YES;
				ENABLE_TESTABILITY = YES;
				GCC_C_LANGUAGE_STANDARD = gnu11;
				GCC_DYNAMIC_NO_PIC = NO;
				GCC_NO_COMMON_BLOCKS = YES;
				GCC_OPTIMIZATION_LEVEL = 0;
				GCC_PREPROCESSOR_DEFINITIONS = (
					"DEBUG=1",
					"$(inherited)",
				);
				GCC_WARN_64_TO_32_BIT_CONVERSION = YES;
				GCC_WARN_ABOUT_RETURN_TYPE = YES_ERROR;
				GCC_WARN_UNDECLARED_SELECTOR = YES;
				GCC_WARN_UNINITIALIZED_AUTOS = YES_AGGRESSIVE;
				GCC_WARN_UNUSED_FUNCTION = YES;
				GCC_WARN_UNUSED_VARIABLE = YES;
				IPHONEOS_DEPLOYMENT_TARGET = 15.2;
				MTL_ENABLE_DEBUG_INFO = INCLUDE_SOURCE;
				MTL_FAST_MATH = YES;
				ONLY_ACTIVE_ARCH = YES;
				SDKROOT = iphoneos;
				SWIFT_ACTIVE_COMPILATION_CONDITIONS = DEBUG;
				SWIFT_OPTIMIZATION_LEVEL = "-Onone";
			};
			name = Debug;
		};
		4DE1615D2786F6FE00ACEFE8 /* Release */ = {
			isa = XCBuildConfiguration;
			buildSettings = {
				ALWAYS_SEARCH_USER_PATHS = NO;
				CLANG_ANALYZER_NONNULL = YES;
				CLANG_ANALYZER_NUMBER_OBJECT_CONVERSION = YES_AGGRESSIVE;
				CLANG_CXX_LANGUAGE_STANDARD = "gnu++17";
				CLANG_CXX_LIBRARY = "libc++";
				CLANG_ENABLE_MODULES = YES;
				CLANG_ENABLE_OBJC_ARC = YES;
				CLANG_ENABLE_OBJC_WEAK = YES;
				CLANG_WARN_BLOCK_CAPTURE_AUTORELEASING = YES;
				CLANG_WARN_BOOL_CONVERSION = YES;
				CLANG_WARN_COMMA = YES;
				CLANG_WARN_CONSTANT_CONVERSION = YES;
				CLANG_WARN_DEPRECATED_OBJC_IMPLEMENTATIONS = YES;
				CLANG_WARN_DIRECT_OBJC_ISA_USAGE = YES_ERROR;
				CLANG_WARN_DOCUMENTATION_COMMENTS = YES;
				CLANG_WARN_EMPTY_BODY = YES;
				CLANG_WARN_ENUM_CONVERSION = YES;
				CLANG_WARN_INFINITE_RECURSION = YES;
				CLANG_WARN_INT_CONVERSION = YES;
				CLANG_WARN_NON_LITERAL_NULL_CONVERSION = YES;
				CLANG_WARN_OBJC_IMPLICIT_RETAIN_SELF = YES;
				CLANG_WARN_OBJC_LITERAL_CONVERSION = YES;
				CLANG_WARN_OBJC_ROOT_CLASS = YES_ERROR;
				CLANG_WARN_QUOTED_INCLUDE_IN_FRAMEWORK_HEADER = YES;
				CLANG_WARN_RANGE_LOOP_ANALYSIS = YES;
				CLANG_WARN_STRICT_PROTOTYPES = YES;
				CLANG_WARN_SUSPICIOUS_MOVE = YES;
				CLANG_WARN_UNGUARDED_AVAILABILITY = YES_AGGRESSIVE;
				CLANG_WARN_UNREACHABLE_CODE = YES;
				CLANG_WARN__DUPLICATE_METHOD_MATCH = YES;
				COPY_PHASE_STRIP = NO;
				DEBUG_INFORMATION_FORMAT = "dwarf-with-dsym";
				ENABLE_NS_ASSERTIONS = NO;
				ENABLE_STRICT_OBJC_MSGSEND = YES;
				GCC_C_LANGUAGE_STANDARD = gnu11;
				GCC_NO_COMMON_BLOCKS = YES;
				GCC_WARN_64_TO_32_BIT_CONVERSION = YES;
				GCC_WARN_ABOUT_RETURN_TYPE = YES_ERROR;
				GCC_WARN_UNDECLARED_SELECTOR = YES;
				GCC_WARN_UNINITIALIZED_AUTOS = YES_AGGRESSIVE;
				GCC_WARN_UNUSED_FUNCTION = YES;
				GCC_WARN_UNUSED_VARIABLE = YES;
				IPHONEOS_DEPLOYMENT_TARGET = 15.2;
				MTL_ENABLE_DEBUG_INFO = NO;
				MTL_FAST_MATH = YES;
				SDKROOT = iphoneos;
				SWIFT_COMPILATION_MODE = wholemodule;
				SWIFT_OPTIMIZATION_LEVEL = "-O";
				VALIDATE_PRODUCT = YES;
			};
			name = Release;
		};
		4DE1615F2786F6FE00ACEFE8 /* Debug */ = {
			isa = XCBuildConfiguration;
			buildSettings = {
				ASSETCATALOG_COMPILER_APPICON_NAME = AppIcon;
				ASSETCATALOG_COMPILER_GLOBAL_ACCENT_COLOR_NAME = AccentColor;
				CODE_SIGN_STYLE = Automatic;
				CURRENT_PROJECT_VERSION = 1;
				DEVELOPMENT_TEAM = X9HZ2QY6GJ;
				GENERATE_INFOPLIST_FILE = YES;
				INFOPLIST_FILE = HammerTestWork/Info.plist;
				INFOPLIST_KEY_UIApplicationSupportsIndirectInputEvents = YES;
				INFOPLIST_KEY_UILaunchStoryboardName = LaunchScreen;
				INFOPLIST_KEY_UISupportedInterfaceOrientations = UIInterfaceOrientationPortrait;
				INFOPLIST_KEY_UISupportedInterfaceOrientations_iPad = "UIInterfaceOrientationPortrait UIInterfaceOrientationPortraitUpsideDown UIInterfaceOrientationLandscapeLeft UIInterfaceOrientationLandscapeRight";
				INFOPLIST_KEY_UISupportedInterfaceOrientations_iPhone = "UIInterfaceOrientationPortrait UIInterfaceOrientationLandscapeLeft UIInterfaceOrientationLandscapeRight";
				IPHONEOS_DEPLOYMENT_TARGET = 13.0;
				LD_RUNPATH_SEARCH_PATHS = (
					"$(inherited)",
					"@executable_path/Frameworks",
				);
				MARKETING_VERSION = 1.0;
				PRODUCT_BUNDLE_IDENTIFIER = ru.SavvaShuliatev.HammerTestWork;
				PRODUCT_NAME = "$(TARGET_NAME)";
				SWIFT_EMIT_LOC_STRINGS = YES;
				SWIFT_VERSION = 5.0;
				TARGETED_DEVICE_FAMILY = 1;
			};
			name = Debug;
		};
		4DE161602786F6FE00ACEFE8 /* Release */ = {
			isa = XCBuildConfiguration;
			buildSettings = {
				ASSETCATALOG_COMPILER_APPICON_NAME = AppIcon;
				ASSETCATALOG_COMPILER_GLOBAL_ACCENT_COLOR_NAME = AccentColor;
				CODE_SIGN_STYLE = Automatic;
				CURRENT_PROJECT_VERSION = 1;
				DEVELOPMENT_TEAM = X9HZ2QY6GJ;
				GENERATE_INFOPLIST_FILE = YES;
				INFOPLIST_FILE = HammerTestWork/Info.plist;
				INFOPLIST_KEY_UIApplicationSupportsIndirectInputEvents = YES;
				INFOPLIST_KEY_UILaunchStoryboardName = LaunchScreen;
				INFOPLIST_KEY_UISupportedInterfaceOrientations = UIInterfaceOrientationPortrait;
				INFOPLIST_KEY_UISupportedInterfaceOrientations_iPad = "UIInterfaceOrientationPortrait UIInterfaceOrientationPortraitUpsideDown UIInterfaceOrientationLandscapeLeft UIInterfaceOrientationLandscapeRight";
				INFOPLIST_KEY_UISupportedInterfaceOrientations_iPhone = "UIInterfaceOrientationPortrait UIInterfaceOrientationLandscapeLeft UIInterfaceOrientationLandscapeRight";
				IPHONEOS_DEPLOYMENT_TARGET = 13.0;
				LD_RUNPATH_SEARCH_PATHS = (
					"$(inherited)",
					"@executable_path/Frameworks",
				);
				MARKETING_VERSION = 1.0;
				PRODUCT_BUNDLE_IDENTIFIER = ru.SavvaShuliatev.HammerTestWork;
				PRODUCT_NAME = "$(TARGET_NAME)";
				SWIFT_EMIT_LOC_STRINGS = YES;
				SWIFT_VERSION = 5.0;
				TARGETED_DEVICE_FAMILY = 1;
			};
			name = Release;
		};
/* End XCBuildConfiguration section */

/* Begin XCConfigurationList section */
		4DE161452786F6FC00ACEFE8 /* Build configuration list for PBXProject "HammerTestWork" */ = {
			isa = XCConfigurationList;
			buildConfigurations = (
				4DE1615C2786F6FE00ACEFE8 /* Debug */,
				4DE1615D2786F6FE00ACEFE8 /* Release */,
			);
			defaultConfigurationIsVisible = 0;
			defaultConfigurationName = Release;
		};
		4DE1615E2786F6FE00ACEFE8 /* Build configuration list for PBXNativeTarget "HammerTestWork" */ = {
			isa = XCConfigurationList;
			buildConfigurations = (
				4DE1615F2786F6FE00ACEFE8 /* Debug */,
				4DE161602786F6FE00ACEFE8 /* Release */,
			);
			defaultConfigurationIsVisible = 0;
			defaultConfigurationName = Release;
		};
/* End XCConfigurationList section */
	};
	rootObject = 4DE161422786F6FC00ACEFE8 /* Project object */;
}
